
Microsoft Visual Studio Solution File, Format Version 12.00
# Visual Studio Version 16
VisualStudioVersion = 16.0.29920.165
MinimumVisualStudioVersion = 10.0.40219.1
Project("{9A19103F-16F7-4668-BE54-9A1E7A4F7556}") = "SimhapuriServices.WebApi", "SimhapuriServices.WebApi\SimhapuriServices.WebApi.csproj", "{03ED040C-1476-4B8F-8818-D3E18A6FFA29}"
EndProject
Global
	GlobalSection(SolutionConfigurationPlatforms) = preSolution
		Debug|Any CPU = Debug|Any CPU
		Release|Any CPU = Release|Any CPU
	EndGlobalSection
	GlobalSection(ProjectConfigurationPlatforms) = postSolution
		{03ED040C-1476-4B8F-8818-D3E18A6FFA29}.Debug|Any CPU.ActiveCfg = Debug|Any CPU
		{03ED040C-1476-4B8F-8818-D3E18A6FFA29}.Debug|Any CPU.Build.0 = Debug|Any CPU
		{03ED040C-1476-4B8F-8818-D3E18A6FFA29}.Release|Any CPU.ActiveCfg = Release|Any CPU
		{03ED040C-1476-4B8F-8818-D3E18A6FFA29}.Release|Any CPU.Build.0 = Release|Any CPU
	EndGlobalSection
	GlobalSection(SolutionProperties) = preSolution
		HideSolutionNode = FALSE
	EndGlobalSection
	GlobalSection(ExtensibilityGlobals) = postSolution
		SolutionGuid = {82AF4165-9EE6-4680-8563-D7135EDFD00E}
	EndGlobalSection
EndGlobal
